// !$*UTF8*$!
{
	archiveVersion = 1;
	classes = {
	};
	objectVersion = 54;
	objects = {

/* Begin PBXBuildFile section */
		3118F43728D0D585003950B3 /* Fakes.swift in Sources */ = {isa = PBXBuildFile; fileRef = 3118F43628D0D585003950B3 /* Fakes.swift */; };
		311C3DBD28E0D7E500E0C63F /* EarningsMeterWidget.swift in Sources */ = {isa = PBXBuildFile; fileRef = 311C3DBB28E0D7D800E0C63F /* EarningsMeterWidget.swift */; };
		312749C42AF9639C007905B2 /* DeviceKit in Frameworks */ = {isa = PBXBuildFile; productRef = 312749C32AF9639C007905B2 /* DeviceKit */; };
		312821CE23D0B96000975F66 /* Assets.xcassets in Resources */ = {isa = PBXBuildFile; fileRef = 312821CD23D0B96000975F66 /* Assets.xcassets */; };
		312821D123D0B96000975F66 /* Preview Assets.xcassets in Resources */ = {isa = PBXBuildFile; fileRef = 312821D023D0B96000975F66 /* Preview Assets.xcassets */; };
		312821D423D0B96000975F66 /* LaunchScreen.storyboard in Resources */ = {isa = PBXBuildFile; fileRef = 312821D223D0B96000975F66 /* LaunchScreen.storyboard */; };
		312DED052AF964100070956A /* AppConfig in Frameworks */ = {isa = PBXBuildFile; productRef = 312DED042AF964100070956A /* AppConfig */; };
		312DED102AF965B00070956A /* AppConfig in Frameworks */ = {isa = PBXBuildFile; productRef = 312DED0F2AF965B00070956A /* AppConfig */; };
		312DED172AF967900070956A /* Models in Frameworks */ = {isa = PBXBuildFile; productRef = 312DED162AF967900070956A /* Models */; };
		312DED192AF967970070956A /* Models in Frameworks */ = {isa = PBXBuildFile; productRef = 312DED182AF967970070956A /* Models */; };
		312DED1C2AFA47BB0070956A /* PresentationViews in Frameworks */ = {isa = PBXBuildFile; productRef = 312DED1B2AFA47BB0070956A /* PresentationViews */; };
		312DED1E2AFA47C50070956A /* PresentationViews in Frameworks */ = {isa = PBXBuildFile; productRef = 312DED1D2AFA47C50070956A /* PresentationViews */; };
		312DED3A2AFC0B0C0070956A /* MeterScreen.swift in Sources */ = {isa = PBXBuildFile; fileRef = 312DED392AFC0B0C0070956A /* MeterScreen.swift */; };
		312DED3D2AFE92FE0070956A /* DataStores in Frameworks */ = {isa = PBXBuildFile; productRef = 312DED3C2AFE92FE0070956A /* DataStores */; };
		312DED3F2AFE93050070956A /* DataStores in Frameworks */ = {isa = PBXBuildFile; productRef = 312DED3E2AFE93050070956A /* DataStores */; };
		314A488625AF169900FBBF3E /* App.swift in Sources */ = {isa = PBXBuildFile; fileRef = 314A488525AF169900FBBF3E /* App.swift */; };
		314A715B25BAF8F90062D050 /* GenerateScreenshots.swift in Sources */ = {isa = PBXBuildFile; fileRef = 314A715A25BAF8F90062D050 /* GenerateScreenshots.swift */; };
		314A716625BAFAF20062D050 /* SnapshotHelper.swift in Sources */ = {isa = PBXBuildFile; fileRef = 314A716525BAFAF20062D050 /* SnapshotHelper.swift */; };
		314A716E25BB02FF0062D050 /* UITestScenario.swift in Sources */ = {isa = PBXBuildFile; fileRef = 314A716D25BB02FF0062D050 /* UITestScenario.swift */; };
		314A717525BB050F0062D050 /* UITestScenario.swift in Sources */ = {isa = PBXBuildFile; fileRef = 314A716D25BB02FF0062D050 /* UITestScenario.swift */; };
		314A718225BB1ED80062D050 /* UITestScreens.swift in Sources */ = {isa = PBXBuildFile; fileRef = 314A718125BB1ED80062D050 /* UITestScreens.swift */; };
		316520B12AF95F9400E44FF5 /* AppConfig in Resources */ = {isa = PBXBuildFile; fileRef = 316520A32AF95F9400E44FF5 /* AppConfig */; };
		31658F9128D37759005466C2 /* WidgetKit.framework in Frameworks */ = {isa = PBXBuildFile; fileRef = 31658F9028D37759005466C2 /* WidgetKit.framework */; };
		31658F9328D37759005466C2 /* SwiftUI.framework in Frameworks */ = {isa = PBXBuildFile; fileRef = 31658F9228D37759005466C2 /* SwiftUI.framework */; };
		31658F9928D3775A005466C2 /* Assets.xcassets in Resources */ = {isa = PBXBuildFile; fileRef = 31658F9828D3775A005466C2 /* Assets.xcassets */; };
		31658F9F28D3775A005466C2 /* EarningsMeterWidgetExtension.appex in Embed Foundation Extensions */ = {isa = PBXBuildFile; fileRef = 31658F8F28D37759005466C2 /* EarningsMeterWidgetExtension.appex */; settings = {ATTRIBUTES = (RemoveHeadersOnCopy, ); }; };
		3185541B2B0916AB0061AD11 /* AppInfoScreen.swift in Sources */ = {isa = PBXBuildFile; fileRef = 3185541A2B0916AB0061AD11 /* AppInfoScreen.swift */; };
		3185541D2B0917030061AD11 /* EnvironmentKeys.swift in Sources */ = {isa = PBXBuildFile; fileRef = 3185541C2B0917030061AD11 /* EnvironmentKeys.swift */; };
		318554202B0920220061AD11 /* ToolbarItems.swift in Sources */ = {isa = PBXBuildFile; fileRef = 3185541F2B0920220061AD11 /* ToolbarItems.swift */; };
		3190F6EC24CF0B8C004303F0 /* MeterSettings+TestData.swift in Sources */ = {isa = PBXBuildFile; fileRef = 3190F6E824CF0B8C004303F0 /* MeterSettings+TestData.swift */; };
		31BC54D628E60CE50037823B /* ScenePhaseHandler.swift in Sources */ = {isa = PBXBuildFile; fileRef = 31BC54D528E60CE50037823B /* ScenePhaseHandler.swift */; };
		31C639EC2AFFC2990050340C /* MeterSettingsScreen.swift in Sources */ = {isa = PBXBuildFile; fileRef = 31C639EB2AFFC2990050340C /* MeterSettingsScreen.swift */; };
		31C639EE2AFFD85B0050340C /* AppModel.swift in Sources */ = {isa = PBXBuildFile; fileRef = 31C639ED2AFFD85B0050340C /* AppModel.swift */; };
		31C639F02B021B170050340C /* RootScreen.swift in Sources */ = {isa = PBXBuildFile; fileRef = 31C639EF2B021B170050340C /* RootScreen.swift */; };
		31C639F22B023ECD0050340C /* View+Debug.swift in Sources */ = {isa = PBXBuildFile; fileRef = 31C639F12B023ECD0050340C /* View+Debug.swift */; };
		31C639F42B023F140050340C /* UserPreferencesDataStore+Stub.swift in Sources */ = {isa = PBXBuildFile; fileRef = 31C639F32B023F140050340C /* UserPreferencesDataStore+Stub.swift */; };
		31D82CA22B079A8600D2CE6E /* CircularHireStatusGauge.swift in Sources */ = {isa = PBXBuildFile; fileRef = 31D82CA02B07983400D2CE6E /* CircularHireStatusGauge.swift */; };
		31D82CA62B07DED000D2CE6E /* EarningMeterWidget+iOS16Preview.swift in Sources */ = {isa = PBXBuildFile; fileRef = 31D82CA52B07DED000D2CE6E /* EarningMeterWidget+iOS16Preview.swift */; };
		31E4035428D8D32000CC71B6 /* digital-7-mono.ttf in Resources */ = {isa = PBXBuildFile; fileRef = 31E4035328D8D31400CC71B6 /* digital-7-mono.ttf */; };
		31F28ED325D3F91400AC523A /* Localizable.strings in Resources */ = {isa = PBXBuildFile; fileRef = 31F28ED525D3F91400AC523A /* Localizable.strings */; };
		31F28EF325D4251300AC523A /* InfoPlist.strings in Resources */ = {isa = PBXBuildFile; fileRef = 31F28EF525D4251300AC523A /* InfoPlist.strings */; };
		31FF686D28E89B6C0049560B /* Localizable.strings in Resources */ = {isa = PBXBuildFile; fileRef = 31FF686A28E89AF80049560B /* Localizable.strings */; };
		31FF686F28E9C1370049560B /* MeterWidgetView.swift in Sources */ = {isa = PBXBuildFile; fileRef = 31FF686E28E9C1370049560B /* MeterWidgetView.swift */; };
		31FF687228E9D6890049560B /* MeterTimeline.swift in Sources */ = {isa = PBXBuildFile; fileRef = 31FF687028E9D64A0049560B /* MeterTimeline.swift */; };
/* End PBXBuildFile section */

/* Begin PBXContainerItemProxy section */
		314A715D25BAF8F90062D050 /* PBXContainerItemProxy */ = {
			isa = PBXContainerItemProxy;
			containerPortal = 312821BC23D0B95E00975F66 /* Project object */;
			proxyType = 1;
			remoteGlobalIDString = 312821C323D0B95E00975F66;
			remoteInfo = EarningsMeter;
		};
		31658F9D28D3775A005466C2 /* PBXContainerItemProxy */ = {
			isa = PBXContainerItemProxy;
			containerPortal = 312821BC23D0B95E00975F66 /* Project object */;
			proxyType = 1;
			remoteGlobalIDString = 31658F8E28D37759005466C2;
			remoteInfo = EarningsMeterWidgetExtension;
		};
		3190F6DF24CF0B6A004303F0 /* PBXContainerItemProxy */ = {
			isa = PBXContainerItemProxy;
			containerPortal = 312821BC23D0B95E00975F66 /* Project object */;
			proxyType = 1;
			remoteGlobalIDString = 312821C323D0B95E00975F66;
			remoteInfo = "Contract Meter";
		};
/* End PBXContainerItemProxy section */

/* Begin PBXCopyFilesBuildPhase section */
		31658FA028D3775A005466C2 /* Embed Foundation Extensions */ = {
			isa = PBXCopyFilesBuildPhase;
			buildActionMask = 2147483647;
			dstPath = "";
			dstSubfolderSpec = 13;
			files = (
				31658F9F28D3775A005466C2 /* EarningsMeterWidgetExtension.appex in Embed Foundation Extensions */,
			);
			name = "Embed Foundation Extensions";
			runOnlyForDeploymentPostprocessing = 0;
		};
/* End PBXCopyFilesBuildPhase section */

/* Begin PBXFileReference section */
		1E82D5FD997C117E47AED734 /* Pods_Contract_Meter.framework */ = {isa = PBXFileReference; explicitFileType = wrapper.framework; includeInIndex = 0; path = Pods_Contract_Meter.framework; sourceTree = BUILT_PRODUCTS_DIR; };
		3118F43628D0D585003950B3 /* Fakes.swift */ = {isa = PBXFileReference; lastKnownFileType = sourcecode.swift; path = Fakes.swift; sourceTree = "<group>"; };
		311C3DBB28E0D7D800E0C63F /* EarningsMeterWidget.swift */ = {isa = PBXFileReference; fileEncoding = 4; lastKnownFileType = sourcecode.swift; path = EarningsMeterWidget.swift; sourceTree = "<group>"; };
		312821C423D0B95E00975F66 /* Earnings Meter.app */ = {isa = PBXFileReference; explicitFileType = wrapper.application; includeInIndex = 0; path = "Earnings Meter.app"; sourceTree = BUILT_PRODUCTS_DIR; };
		312821CD23D0B96000975F66 /* Assets.xcassets */ = {isa = PBXFileReference; lastKnownFileType = folder.assetcatalog; path = Assets.xcassets; sourceTree = "<group>"; };
		312821D023D0B96000975F66 /* Preview Assets.xcassets */ = {isa = PBXFileReference; lastKnownFileType = folder.assetcatalog; path = "Preview Assets.xcassets"; sourceTree = "<group>"; };
		312821D323D0B96000975F66 /* Base */ = {isa = PBXFileReference; lastKnownFileType = file.storyboard; name = Base; path = Base.lproj/LaunchScreen.storyboard; sourceTree = "<group>"; };
		312821D523D0B96000975F66 /* Info.plist */ = {isa = PBXFileReference; lastKnownFileType = text.plist.xml; path = Info.plist; sourceTree = "<group>"; };
		312DED152AF966220070956A /* Models */ = {isa = PBXFileReference; lastKnownFileType = wrapper; path = Models; sourceTree = "<group>"; };
		312DED1A2AFA47860070956A /* PresentationViews */ = {isa = PBXFileReference; lastKnownFileType = wrapper; path = PresentationViews; sourceTree = "<group>"; };
		312DED392AFC0B0C0070956A /* MeterScreen.swift */ = {isa = PBXFileReference; lastKnownFileType = sourcecode.swift; path = MeterScreen.swift; sourceTree = "<group>"; };
		312DED3B2AFE92500070956A /* DataStores */ = {isa = PBXFileReference; lastKnownFileType = wrapper; path = DataStores; sourceTree = "<group>"; };
		313DCA8A2AD6D39A00FF4271 /* Beta.xcconfig */ = {isa = PBXFileReference; lastKnownFileType = text.xcconfig; path = Beta.xcconfig; sourceTree = "<group>"; };
		313DCA8B2AD6D3D100FF4271 /* Prod.xcconfig */ = {isa = PBXFileReference; lastKnownFileType = text.xcconfig; path = Prod.xcconfig; sourceTree = "<group>"; };
		314A488525AF169900FBBF3E /* App.swift */ = {isa = PBXFileReference; lastKnownFileType = sourcecode.swift; path = App.swift; sourceTree = "<group>"; };
		314A715825BAF8F90062D050 /* EarningsMeterUITests.xctest */ = {isa = PBXFileReference; explicitFileType = wrapper.cfbundle; includeInIndex = 0; path = EarningsMeterUITests.xctest; sourceTree = BUILT_PRODUCTS_DIR; };
		314A715A25BAF8F90062D050 /* GenerateScreenshots.swift */ = {isa = PBXFileReference; lastKnownFileType = sourcecode.swift; path = GenerateScreenshots.swift; sourceTree = "<group>"; };
		314A715C25BAF8F90062D050 /* Info.plist */ = {isa = PBXFileReference; lastKnownFileType = text.plist.xml; path = Info.plist; sourceTree = "<group>"; };
		314A716525BAFAF20062D050 /* SnapshotHelper.swift */ = {isa = PBXFileReference; fileEncoding = 4; lastKnownFileType = sourcecode.swift; path = SnapshotHelper.swift; sourceTree = "<group>"; };
		314A716D25BB02FF0062D050 /* UITestScenario.swift */ = {isa = PBXFileReference; lastKnownFileType = sourcecode.swift; path = UITestScenario.swift; sourceTree = "<group>"; };
		314A718125BB1ED80062D050 /* UITestScreens.swift */ = {isa = PBXFileReference; lastKnownFileType = sourcecode.swift; path = UITestScreens.swift; sourceTree = "<group>"; };
		3152354225B8544400AE8811 /* Debug.xcconfig */ = {isa = PBXFileReference; lastKnownFileType = text.xcconfig; path = Debug.xcconfig; sourceTree = "<group>"; };
		3152354325B8544400AE8811 /* Release.xcconfig */ = {isa = PBXFileReference; lastKnownFileType = text.xcconfig; path = Release.xcconfig; sourceTree = "<group>"; };
		316520A32AF95F9400E44FF5 /* AppConfig */ = {isa = PBXFileReference; lastKnownFileType = wrapper; path = AppConfig; sourceTree = "<group>"; };
		31658F8F28D37759005466C2 /* EarningsMeterWidgetExtension.appex */ = {isa = PBXFileReference; explicitFileType = "wrapper.app-extension"; includeInIndex = 0; path = EarningsMeterWidgetExtension.appex; sourceTree = BUILT_PRODUCTS_DIR; };
		31658F9028D37759005466C2 /* WidgetKit.framework */ = {isa = PBXFileReference; lastKnownFileType = wrapper.framework; name = WidgetKit.framework; path = System/Library/Frameworks/WidgetKit.framework; sourceTree = SDKROOT; };
		31658F9228D37759005466C2 /* SwiftUI.framework */ = {isa = PBXFileReference; lastKnownFileType = wrapper.framework; name = SwiftUI.framework; path = System/Library/Frameworks/SwiftUI.framework; sourceTree = SDKROOT; };
		31658F9828D3775A005466C2 /* Assets.xcassets */ = {isa = PBXFileReference; lastKnownFileType = folder.assetcatalog; path = Assets.xcassets; sourceTree = "<group>"; };
		31658F9A28D3775A005466C2 /* Info.plist */ = {isa = PBXFileReference; lastKnownFileType = text.plist.xml; path = Info.plist; sourceTree = "<group>"; };
		3185541A2B0916AB0061AD11 /* AppInfoScreen.swift */ = {isa = PBXFileReference; lastKnownFileType = sourcecode.swift; path = AppInfoScreen.swift; sourceTree = "<group>"; };
		3185541C2B0917030061AD11 /* EnvironmentKeys.swift */ = {isa = PBXFileReference; lastKnownFileType = sourcecode.swift; path = EnvironmentKeys.swift; sourceTree = "<group>"; };
		3185541F2B0920220061AD11 /* ToolbarItems.swift */ = {isa = PBXFileReference; lastKnownFileType = sourcecode.swift; path = ToolbarItems.swift; sourceTree = "<group>"; };
		318AD0F228E0D556002B3E88 /* EarningsMeter.entitlements */ = {isa = PBXFileReference; lastKnownFileType = text.plist.entitlements; path = EarningsMeter.entitlements; sourceTree = "<group>"; };
		318AD0F328E0D556002B3E88 /* EarningsMeterWidgetExtension.entitlements */ = {isa = PBXFileReference; lastKnownFileType = text.plist.entitlements; path = EarningsMeterWidgetExtension.entitlements; sourceTree = "<group>"; };
		3190F6DA24CF0B6A004303F0 /* EarningsMeterTests.xctest */ = {isa = PBXFileReference; explicitFileType = wrapper.cfbundle; includeInIndex = 0; path = EarningsMeterTests.xctest; sourceTree = BUILT_PRODUCTS_DIR; };
		3190F6DE24CF0B6A004303F0 /* Info.plist */ = {isa = PBXFileReference; lastKnownFileType = text.plist.xml; path = Info.plist; sourceTree = "<group>"; };
		3190F6E824CF0B8C004303F0 /* MeterSettings+TestData.swift */ = {isa = PBXFileReference; fileEncoding = 4; lastKnownFileType = sourcecode.swift; path = "MeterSettings+TestData.swift"; sourceTree = "<group>"; };
		31BC54D528E60CE50037823B /* ScenePhaseHandler.swift */ = {isa = PBXFileReference; lastKnownFileType = sourcecode.swift; name = ScenePhaseHandler.swift; path = EarningsMeter/Views/ScenePhaseHandler.swift; sourceTree = SOURCE_ROOT; };
		31C639EB2AFFC2990050340C /* MeterSettingsScreen.swift */ = {isa = PBXFileReference; lastKnownFileType = sourcecode.swift; path = MeterSettingsScreen.swift; sourceTree = "<group>"; };
		31C639ED2AFFD85B0050340C /* AppModel.swift */ = {isa = PBXFileReference; lastKnownFileType = sourcecode.swift; path = AppModel.swift; sourceTree = "<group>"; };
		31C639EF2B021B170050340C /* RootScreen.swift */ = {isa = PBXFileReference; lastKnownFileType = sourcecode.swift; path = RootScreen.swift; sourceTree = "<group>"; };
		31C639F12B023ECD0050340C /* View+Debug.swift */ = {isa = PBXFileReference; lastKnownFileType = sourcecode.swift; path = "View+Debug.swift"; sourceTree = "<group>"; };
		31C639F32B023F140050340C /* UserPreferencesDataStore+Stub.swift */ = {isa = PBXFileReference; lastKnownFileType = sourcecode.swift; path = "UserPreferencesDataStore+Stub.swift"; sourceTree = "<group>"; };
		31D82CA02B07983400D2CE6E /* CircularHireStatusGauge.swift */ = {isa = PBXFileReference; lastKnownFileType = sourcecode.swift; path = CircularHireStatusGauge.swift; sourceTree = "<group>"; };
		31D82CA52B07DED000D2CE6E /* EarningMeterWidget+iOS16Preview.swift */ = {isa = PBXFileReference; lastKnownFileType = sourcecode.swift; path = "EarningMeterWidget+iOS16Preview.swift"; sourceTree = "<group>"; };
		31E4035328D8D31400CC71B6 /* digital-7-mono.ttf */ = {isa = PBXFileReference; lastKnownFileType = file; path = "digital-7-mono.ttf"; sourceTree = "<group>"; };
		31F28ED425D3F91400AC523A /* en */ = {isa = PBXFileReference; lastKnownFileType = text.plist.strings; name = en; path = en.lproj/Localizable.strings; sourceTree = "<group>"; };
		31F28ED925D3F97900AC523A /* fr */ = {isa = PBXFileReference; lastKnownFileType = text.plist.strings; name = fr; path = fr.lproj/LaunchScreen.strings; sourceTree = "<group>"; };
		31F28EDA25D3F97900AC523A /* fr */ = {isa = PBXFileReference; lastKnownFileType = text.plist.strings; name = fr; path = fr.lproj/Localizable.strings; sourceTree = "<group>"; };
		31F28EDE25D3F98A00AC523A /* es */ = {isa = PBXFileReference; lastKnownFileType = text.plist.strings; name = es; path = es.lproj/LaunchScreen.strings; sourceTree = "<group>"; };
		31F28EDF25D3F98B00AC523A /* es */ = {isa = PBXFileReference; lastKnownFileType = text.plist.strings; name = es; path = es.lproj/Localizable.strings; sourceTree = "<group>"; };
		31F28EF425D4251300AC523A /* en */ = {isa = PBXFileReference; lastKnownFileType = text.plist.strings; name = en; path = en.lproj/InfoPlist.strings; sourceTree = "<group>"; };
		31F28EF925D4251700AC523A /* fr */ = {isa = PBXFileReference; lastKnownFileType = text.plist.strings; name = fr; path = fr.lproj/InfoPlist.strings; sourceTree = "<group>"; };
		31F28EFA25D4251900AC523A /* es */ = {isa = PBXFileReference; lastKnownFileType = text.plist.strings; name = es; path = es.lproj/InfoPlist.strings; sourceTree = "<group>"; };
		31FF686928E89AF80049560B /* en */ = {isa = PBXFileReference; lastKnownFileType = text.plist.strings; name = en; path = en.lproj/Localizable.strings; sourceTree = "<group>"; };
		31FF686B28E89AFB0049560B /* fr */ = {isa = PBXFileReference; lastKnownFileType = text.plist.strings; name = fr; path = fr.lproj/Localizable.strings; sourceTree = "<group>"; };
		31FF686C28E89AFE0049560B /* es */ = {isa = PBXFileReference; lastKnownFileType = text.plist.strings; name = es; path = es.lproj/Localizable.strings; sourceTree = "<group>"; };
		31FF686E28E9C1370049560B /* MeterWidgetView.swift */ = {isa = PBXFileReference; lastKnownFileType = sourcecode.swift; path = MeterWidgetView.swift; sourceTree = "<group>"; };
		31FF687028E9D64A0049560B /* MeterTimeline.swift */ = {isa = PBXFileReference; lastKnownFileType = sourcecode.swift; path = MeterTimeline.swift; sourceTree = "<group>"; };
		3CD582947C71E1A803A0446F /* Pods_Contract_MeterTests.framework */ = {isa = PBXFileReference; explicitFileType = wrapper.framework; includeInIndex = 0; path = Pods_Contract_MeterTests.framework; sourceTree = BUILT_PRODUCTS_DIR; };
/* End PBXFileReference section */

/* Begin PBXFrameworksBuildPhase section */
		312821C123D0B95E00975F66 /* Frameworks */ = {
			isa = PBXFrameworksBuildPhase;
			buildActionMask = 2147483647;
			files = (
				312DED172AF967900070956A /* Models in Frameworks */,
				312DED1E2AFA47C50070956A /* PresentationViews in Frameworks */,
				312DED3D2AFE92FE0070956A /* DataStores in Frameworks */,
				312DED052AF964100070956A /* AppConfig in Frameworks */,
				312749C42AF9639C007905B2 /* DeviceKit in Frameworks */,
			);
			runOnlyForDeploymentPostprocessing = 0;
		};
		314A715525BAF8F80062D050 /* Frameworks */ = {
			isa = PBXFrameworksBuildPhase;
			buildActionMask = 2147483647;
			files = (
			);
			runOnlyForDeploymentPostprocessing = 0;
		};
		31658F8C28D37759005466C2 /* Frameworks */ = {
			isa = PBXFrameworksBuildPhase;
			buildActionMask = 2147483647;
			files = (
				312DED192AF967970070956A /* Models in Frameworks */,
				312DED1C2AFA47BB0070956A /* PresentationViews in Frameworks */,
				312DED3F2AFE93050070956A /* DataStores in Frameworks */,
				312DED102AF965B00070956A /* AppConfig in Frameworks */,
				31658F9328D37759005466C2 /* SwiftUI.framework in Frameworks */,
				31658F9128D37759005466C2 /* WidgetKit.framework in Frameworks */,
			);
			runOnlyForDeploymentPostprocessing = 0;
		};
		3190F6D724CF0B6A004303F0 /* Frameworks */ = {
			isa = PBXFrameworksBuildPhase;
			buildActionMask = 2147483647;
			files = (
			);
			runOnlyForDeploymentPostprocessing = 0;
		};
/* End PBXFrameworksBuildPhase section */

/* Begin PBXGroup section */
		312821BB23D0B95E00975F66 = {
			isa = PBXGroup;
			children = (
				316520A12AF95F9400E44FF5 /* Packages */,
				3152354025B8544400AE8811 /* Config */,
				312821C623D0B95E00975F66 /* EarningsMeter */,
				3190F6DB24CF0B6A004303F0 /* EarningsMeterTests */,
				314A715925BAF8F90062D050 /* EarningsMeterUITests */,
				31658F9428D37759005466C2 /* EarningsMeterWidget */,
				312821C523D0B95E00975F66 /* Products */,
				F858EC30A238121FBBD1C004 /* Frameworks */,
			);
			sourceTree = "<group>";
		};
		312821C523D0B95E00975F66 /* Products */ = {
			isa = PBXGroup;
			children = (
				312821C423D0B95E00975F66 /* Earnings Meter.app */,
				3190F6DA24CF0B6A004303F0 /* EarningsMeterTests.xctest */,
				314A715825BAF8F90062D050 /* EarningsMeterUITests.xctest */,
				31658F8F28D37759005466C2 /* EarningsMeterWidgetExtension.appex */,
			);
			name = Products;
			sourceTree = "<group>";
		};
		312821C623D0B95E00975F66 /* EarningsMeter */ = {
			isa = PBXGroup;
			children = (
				312EF56B249CAA9A00CC71BA /* Assets */,
				314A47C925ACD5AD00FBBF3E /* Core */,
				314A47BC25ACD3E300FBBF3E /* Debug */,
				314A47C625ACD4B000FBBF3E /* Localization */,
				312821EA23D0BA3000975F66 /* Views */,
				312821D223D0B96000975F66 /* LaunchScreen.storyboard */,
				312821D523D0B96000975F66 /* Info.plist */,
				312821CF23D0B96000975F66 /* Preview Content */,
			);
			path = EarningsMeter;
			sourceTree = "<group>";
		};
		312821CF23D0B96000975F66 /* Preview Content */ = {
			isa = PBXGroup;
			children = (
				312821D023D0B96000975F66 /* Preview Assets.xcassets */,
			);
			path = "Preview Content";
			sourceTree = "<group>";
		};
		312821EA23D0BA3000975F66 /* Views */ = {
			isa = PBXGroup;
			children = (
				3185541C2B0917030061AD11 /* EnvironmentKeys.swift */,
				31BC54D528E60CE50037823B /* ScenePhaseHandler.swift */,
				3185541F2B0920220061AD11 /* ToolbarItems.swift */,
				3185541E2B091F520061AD11 /* Common */,
				315234FA25B83C2B00AE8811 /* AppInfo */,
				314A48DC25AF6F1900FBBF3E /* Meter */,
				314A48DD25AF6F3000FBBF3E /* MeterSettings */,
				31C639ED2AFFD85B0050340C /* AppModel.swift */,
				31C639EF2B021B170050340C /* RootScreen.swift */,
			);
			path = Views;
			sourceTree = "<group>";
		};
		312EF56B249CAA9A00CC71BA /* Assets */ = {
			isa = PBXGroup;
			children = (
				312821CD23D0B96000975F66 /* Assets.xcassets */,
			);
			path = Assets;
			sourceTree = "<group>";
		};
		313DCA892AD6D39A00FF4271 /* CI */ = {
			isa = PBXGroup;
			children = (
				313DCA8A2AD6D39A00FF4271 /* Beta.xcconfig */,
				313DCA8B2AD6D3D100FF4271 /* Prod.xcconfig */,
			);
			path = CI;
			sourceTree = "<group>";
		};
		314A47BC25ACD3E300FBBF3E /* Debug */ = {
			isa = PBXGroup;
			children = (
				31892EA328BB6AED00261685 /* Data */,
				31892EA028BB65A800261685 /* Previews */,
				31C639F12B023ECD0050340C /* View+Debug.swift */,
				31C639F32B023F140050340C /* UserPreferencesDataStore+Stub.swift */,
			);
			path = Debug;
			sourceTree = "<group>";
		};
		314A47C625ACD4B000FBBF3E /* Localization */ = {
			isa = PBXGroup;
			children = (
				31F28ED525D3F91400AC523A /* Localizable.strings */,
				31F28EF525D4251300AC523A /* InfoPlist.strings */,
			);
			path = Localization;
			sourceTree = "<group>";
		};
		314A47C925ACD5AD00FBBF3E /* Core */ = {
			isa = PBXGroup;
			children = (
				314A488525AF169900FBBF3E /* App.swift */,
			);
			path = Core;
			sourceTree = "<group>";
		};
		314A48DC25AF6F1900FBBF3E /* Meter */ = {
			isa = PBXGroup;
			children = (
				312DED392AFC0B0C0070956A /* MeterScreen.swift */,
			);
			path = Meter;
			sourceTree = "<group>";
		};
		314A48DD25AF6F3000FBBF3E /* MeterSettings */ = {
			isa = PBXGroup;
			children = (
				31C639EB2AFFC2990050340C /* MeterSettingsScreen.swift */,
			);
			path = MeterSettings;
			sourceTree = "<group>";
		};
		314A715925BAF8F90062D050 /* EarningsMeterUITests */ = {
			isa = PBXGroup;
			children = (
				314A716D25BB02FF0062D050 /* UITestScenario.swift */,
				314A716525BAFAF20062D050 /* SnapshotHelper.swift */,
				314A715A25BAF8F90062D050 /* GenerateScreenshots.swift */,
				314A715C25BAF8F90062D050 /* Info.plist */,
			);
			path = EarningsMeterUITests;
			sourceTree = "<group>";
		};
		315234FA25B83C2B00AE8811 /* AppInfo */ = {
			isa = PBXGroup;
			children = (
				3185541A2B0916AB0061AD11 /* AppInfoScreen.swift */,
			);
			path = AppInfo;
			sourceTree = "<group>";
		};
		3152354025B8544400AE8811 /* Config */ = {
			isa = PBXGroup;
			children = (
				313DCA892AD6D39A00FF4271 /* CI */,
				318AD0F128E0D556002B3E88 /* Entitlements */,
				3152354225B8544400AE8811 /* Debug.xcconfig */,
				3152354325B8544400AE8811 /* Release.xcconfig */,
			);
			path = Config;
			sourceTree = "<group>";
		};
		316520A12AF95F9400E44FF5 /* Packages */ = {
			isa = PBXGroup;
			children = (
				316520A32AF95F9400E44FF5 /* AppConfig */,
				312DED3B2AFE92500070956A /* DataStores */,
				312DED152AF966220070956A /* Models */,
				312DED1A2AFA47860070956A /* PresentationViews */,
			);
			path = Packages;
			sourceTree = "<group>";
		};
		31658F9428D37759005466C2 /* EarningsMeterWidget */ = {
			isa = PBXGroup;
			children = (
				31D82C9F2B0797A800D2CE6E /* Components */,
				311C3DBB28E0D7D800E0C63F /* EarningsMeterWidget.swift */,
				31FF687028E9D64A0049560B /* MeterTimeline.swift */,
				31FF686E28E9C1370049560B /* MeterWidgetView.swift */,
				31E4035228D8D23D00CC71B6 /* Fonts */,
				31658F9828D3775A005466C2 /* Assets.xcassets */,
				31658F9A28D3775A005466C2 /* Info.plist */,
				31FF686A28E89AF80049560B /* Localizable.strings */,
			);
			path = EarningsMeterWidget;
			sourceTree = "<group>";
		};
		3185541E2B091F520061AD11 /* Common */ = {
			isa = PBXGroup;
			children = (
			);
			path = Common;
			sourceTree = "<group>";
		};
		31892EA028BB65A800261685 /* Previews */ = {
			isa = PBXGroup;
			children = (
			);
			path = Previews;
			sourceTree = "<group>";
		};
		31892EA328BB6AED00261685 /* Data */ = {
			isa = PBXGroup;
			children = (
				3118F43628D0D585003950B3 /* Fakes.swift */,
				314A718125BB1ED80062D050 /* UITestScreens.swift */,
			);
			path = Data;
			sourceTree = "<group>";
		};
		318AD0F128E0D556002B3E88 /* Entitlements */ = {
			isa = PBXGroup;
			children = (
				318AD0F228E0D556002B3E88 /* EarningsMeter.entitlements */,
				318AD0F328E0D556002B3E88 /* EarningsMeterWidgetExtension.entitlements */,
			);
			path = Entitlements;
			sourceTree = "<group>";
		};
		3190F6DB24CF0B6A004303F0 /* EarningsMeterTests */ = {
			isa = PBXGroup;
			children = (
				3190F6E724CF0B8C004303F0 /* Test Data */,
				3190F6DE24CF0B6A004303F0 /* Info.plist */,
			);
			path = EarningsMeterTests;
			sourceTree = "<group>";
		};
		3190F6E724CF0B8C004303F0 /* Test Data */ = {
			isa = PBXGroup;
			children = (
				3190F6E824CF0B8C004303F0 /* MeterSettings+TestData.swift */,
			);
			path = "Test Data";
			sourceTree = "<group>";
		};
		31D82C9F2B0797A800D2CE6E /* Components */ = {
			isa = PBXGroup;
			children = (
				31D82CA02B07983400D2CE6E /* CircularHireStatusGauge.swift */,
				31D82CA52B07DED000D2CE6E /* EarningMeterWidget+iOS16Preview.swift */,
			);
			path = Components;
			sourceTree = "<group>";
		};
		31E4035228D8D23D00CC71B6 /* Fonts */ = {
			isa = PBXGroup;
			children = (
				31E4035328D8D31400CC71B6 /* digital-7-mono.ttf */,
			);
			path = Fonts;
			sourceTree = "<group>";
		};
		F858EC30A238121FBBD1C004 /* Frameworks */ = {
			isa = PBXGroup;
			children = (
				1E82D5FD997C117E47AED734 /* Pods_Contract_Meter.framework */,
				3CD582947C71E1A803A0446F /* Pods_Contract_MeterTests.framework */,
				31658F9028D37759005466C2 /* WidgetKit.framework */,
				31658F9228D37759005466C2 /* SwiftUI.framework */,
			);
			name = Frameworks;
			sourceTree = "<group>";
		};
/* End PBXGroup section */

/* Begin PBXNativeTarget section */
		312821C323D0B95E00975F66 /* EarningsMeter */ = {
			isa = PBXNativeTarget;
			buildConfigurationList = 312821E323D0B96100975F66 /* Build configuration list for PBXNativeTarget "EarningsMeter" */;
			buildPhases = (
				312821C023D0B95E00975F66 /* Sources */,
				312821C123D0B95E00975F66 /* Frameworks */,
				312821C223D0B95E00975F66 /* Resources */,
				31658FA028D3775A005466C2 /* Embed Foundation Extensions */,
			);
			buildRules = (
			);
			dependencies = (
				31658F9E28D3775A005466C2 /* PBXTargetDependency */,
			);
			name = EarningsMeter;
			packageProductDependencies = (
				312749C32AF9639C007905B2 /* DeviceKit */,
				312DED042AF964100070956A /* AppConfig */,
				312DED162AF967900070956A /* Models */,
				312DED1D2AFA47C50070956A /* PresentationViews */,
				312DED3C2AFE92FE0070956A /* DataStores */,
			);
			productName = "Earnings Meter";
			productReference = 312821C423D0B95E00975F66 /* Earnings Meter.app */;
			productType = "com.apple.product-type.application";
		};
		314A715725BAF8F80062D050 /* EarningsMeterUITests */ = {
			isa = PBXNativeTarget;
			buildConfigurationList = 314A716125BAF8F90062D050 /* Build configuration list for PBXNativeTarget "EarningsMeterUITests" */;
			buildPhases = (
				314A715425BAF8F80062D050 /* Sources */,
				314A715525BAF8F80062D050 /* Frameworks */,
				314A715625BAF8F80062D050 /* Resources */,
			);
			buildRules = (
			);
			dependencies = (
				314A715E25BAF8F90062D050 /* PBXTargetDependency */,
			);
			name = EarningsMeterUITests;
			productName = EarningsMeterUITests;
			productReference = 314A715825BAF8F90062D050 /* EarningsMeterUITests.xctest */;
			productType = "com.apple.product-type.bundle.ui-testing";
		};
		31658F8E28D37759005466C2 /* EarningsMeterWidgetExtension */ = {
			isa = PBXNativeTarget;
			buildConfigurationList = 31658FA428D3775A005466C2 /* Build configuration list for PBXNativeTarget "EarningsMeterWidgetExtension" */;
			buildPhases = (
				31658F8B28D37759005466C2 /* Sources */,
				31658F8C28D37759005466C2 /* Frameworks */,
				31658F8D28D37759005466C2 /* Resources */,
			);
			buildRules = (
			);
			dependencies = (
			);
			name = EarningsMeterWidgetExtension;
			packageProductDependencies = (
				312DED0F2AF965B00070956A /* AppConfig */,
				312DED182AF967970070956A /* Models */,
				312DED1B2AFA47BB0070956A /* PresentationViews */,
				312DED3E2AFE93050070956A /* DataStores */,
			);
			productName = EarningsMeterWidgetExtension;
			productReference = 31658F8F28D37759005466C2 /* EarningsMeterWidgetExtension.appex */;
			productType = "com.apple.product-type.app-extension";
		};
		3190F6D924CF0B6A004303F0 /* EarningsMeterTests */ = {
			isa = PBXNativeTarget;
			buildConfigurationList = 3190F6E124CF0B6A004303F0 /* Build configuration list for PBXNativeTarget "EarningsMeterTests" */;
			buildPhases = (
				3190F6D624CF0B6A004303F0 /* Sources */,
				3190F6D724CF0B6A004303F0 /* Frameworks */,
				3190F6D824CF0B6A004303F0 /* Resources */,
			);
			buildRules = (
			);
			dependencies = (
				3190F6E024CF0B6A004303F0 /* PBXTargetDependency */,
			);
			name = EarningsMeterTests;
			productName = "Contract MeterTests";
			productReference = 3190F6DA24CF0B6A004303F0 /* EarningsMeterTests.xctest */;
			productType = "com.apple.product-type.bundle.unit-test";
		};
/* End PBXNativeTarget section */

/* Begin PBXProject section */
		312821BC23D0B95E00975F66 /* Project object */ = {
			isa = PBXProject;
			attributes = {
				BuildIndependentTargetsInParallel = YES;
				LastSwiftUpdateCheck = 1340;
				LastUpgradeCheck = 1500;
				ORGANIZATIONNAME = "Shilan Patel";
				TargetAttributes = {
					312821C323D0B95E00975F66 = {
						CreatedOnToolsVersion = 11.3;
					};
					314A715725BAF8F80062D050 = {
						CreatedOnToolsVersion = 12.3;
						TestTargetID = 312821C323D0B95E00975F66;
					};
					31658F8E28D37759005466C2 = {
						CreatedOnToolsVersion = 13.4;
					};
					3190F6D924CF0B6A004303F0 = {
						CreatedOnToolsVersion = 11.5;
						TestTargetID = 312821C323D0B95E00975F66;
					};
				};
			};
			buildConfigurationList = 312821BF23D0B95E00975F66 /* Build configuration list for PBXProject "EarningsMeter" */;
			compatibilityVersion = "Xcode 9.3";
			developmentRegion = en;
			hasScannedForEncodings = 0;
			knownRegions = (
				en,
				Base,
				fr,
				es,
			);
			mainGroup = 312821BB23D0B95E00975F66;
			packageReferences = (
				312749C22AF9639C007905B2 /* XCRemoteSwiftPackageReference "DeviceKit" */,
			);
			productRefGroup = 312821C523D0B95E00975F66 /* Products */;
			projectDirPath = "";
			projectRoot = "";
			targets = (
				312821C323D0B95E00975F66 /* EarningsMeter */,
				3190F6D924CF0B6A004303F0 /* EarningsMeterTests */,
				314A715725BAF8F80062D050 /* EarningsMeterUITests */,
				31658F8E28D37759005466C2 /* EarningsMeterWidgetExtension */,
			);
		};
/* End PBXProject section */

/* Begin PBXResourcesBuildPhase section */
		312821C223D0B95E00975F66 /* Resources */ = {
			isa = PBXResourcesBuildPhase;
			buildActionMask = 2147483647;
			files = (
				31F28EF325D4251300AC523A /* InfoPlist.strings in Resources */,
				316520B12AF95F9400E44FF5 /* AppConfig in Resources */,
				312821D423D0B96000975F66 /* LaunchScreen.storyboard in Resources */,
				31F28ED325D3F91400AC523A /* Localizable.strings in Resources */,
				312821D123D0B96000975F66 /* Preview Assets.xcassets in Resources */,
				312821CE23D0B96000975F66 /* Assets.xcassets in Resources */,
			);
			runOnlyForDeploymentPostprocessing = 0;
		};
		314A715625BAF8F80062D050 /* Resources */ = {
			isa = PBXResourcesBuildPhase;
			buildActionMask = 2147483647;
			files = (
			);
			runOnlyForDeploymentPostprocessing = 0;
		};
		31658F8D28D37759005466C2 /* Resources */ = {
			isa = PBXResourcesBuildPhase;
			buildActionMask = 2147483647;
			files = (
				31E4035428D8D32000CC71B6 /* digital-7-mono.ttf in Resources */,
				31FF686D28E89B6C0049560B /* Localizable.strings in Resources */,
				31658F9928D3775A005466C2 /* Assets.xcassets in Resources */,
			);
			runOnlyForDeploymentPostprocessing = 0;
		};
		3190F6D824CF0B6A004303F0 /* Resources */ = {
			isa = PBXResourcesBuildPhase;
			buildActionMask = 2147483647;
			files = (
			);
			runOnlyForDeploymentPostprocessing = 0;
		};
/* End PBXResourcesBuildPhase section */

/* Begin PBXSourcesBuildPhase section */
		312821C023D0B95E00975F66 /* Sources */ = {
			isa = PBXSourcesBuildPhase;
			buildActionMask = 2147483647;
			files = (
				3185541D2B0917030061AD11 /* EnvironmentKeys.swift in Sources */,
				31C639EC2AFFC2990050340C /* MeterSettingsScreen.swift in Sources */,
				31C639F42B023F140050340C /* UserPreferencesDataStore+Stub.swift in Sources */,
				314A488625AF169900FBBF3E /* App.swift in Sources */,
				3118F43728D0D585003950B3 /* Fakes.swift in Sources */,
				31C639F02B021B170050340C /* RootScreen.swift in Sources */,
				31C639EE2AFFD85B0050340C /* AppModel.swift in Sources */,
				31BC54D628E60CE50037823B /* ScenePhaseHandler.swift in Sources */,
				31C639F22B023ECD0050340C /* View+Debug.swift in Sources */,
				314A718225BB1ED80062D050 /* UITestScreens.swift in Sources */,
				314A717525BB050F0062D050 /* UITestScenario.swift in Sources */,
				3185541B2B0916AB0061AD11 /* AppInfoScreen.swift in Sources */,
				318554202B0920220061AD11 /* ToolbarItems.swift in Sources */,
				312DED3A2AFC0B0C0070956A /* MeterScreen.swift in Sources */,
			);
			runOnlyForDeploymentPostprocessing = 0;
		};
		314A715425BAF8F80062D050 /* Sources */ = {
			isa = PBXSourcesBuildPhase;
			buildActionMask = 2147483647;
			files = (
				314A716E25BB02FF0062D050 /* UITestScenario.swift in Sources */,
				314A715B25BAF8F90062D050 /* GenerateScreenshots.swift in Sources */,
				314A716625BAFAF20062D050 /* SnapshotHelper.swift in Sources */,
			);
			runOnlyForDeploymentPostprocessing = 0;
		};
		31658F8B28D37759005466C2 /* Sources */ = {
			isa = PBXSourcesBuildPhase;
			buildActionMask = 2147483647;
			files = (
				31FF686F28E9C1370049560B /* MeterWidgetView.swift in Sources */,
				31FF687228E9D6890049560B /* MeterTimeline.swift in Sources */,
				31D82CA22B079A8600D2CE6E /* CircularHireStatusGauge.swift in Sources */,
				31D82CA62B07DED000D2CE6E /* EarningMeterWidget+iOS16Preview.swift in Sources */,
				311C3DBD28E0D7E500E0C63F /* EarningsMeterWidget.swift in Sources */,
			);
			runOnlyForDeploymentPostprocessing = 0;
		};
		3190F6D624CF0B6A004303F0 /* Sources */ = {
			isa = PBXSourcesBuildPhase;
			buildActionMask = 2147483647;
			files = (
				3190F6EC24CF0B8C004303F0 /* MeterSettings+TestData.swift in Sources */,
			);
			runOnlyForDeploymentPostprocessing = 0;
		};
/* End PBXSourcesBuildPhase section */

/* Begin PBXTargetDependency section */
		314A715E25BAF8F90062D050 /* PBXTargetDependency */ = {
			isa = PBXTargetDependency;
			target = 312821C323D0B95E00975F66 /* EarningsMeter */;
			targetProxy = 314A715D25BAF8F90062D050 /* PBXContainerItemProxy */;
		};
		31658F9E28D3775A005466C2 /* PBXTargetDependency */ = {
			isa = PBXTargetDependency;
			target = 31658F8E28D37759005466C2 /* EarningsMeterWidgetExtension */;
			targetProxy = 31658F9D28D3775A005466C2 /* PBXContainerItemProxy */;
		};
		3190F6E024CF0B6A004303F0 /* PBXTargetDependency */ = {
			isa = PBXTargetDependency;
			target = 312821C323D0B95E00975F66 /* EarningsMeter */;
			targetProxy = 3190F6DF24CF0B6A004303F0 /* PBXContainerItemProxy */;
		};
/* End PBXTargetDependency section */

/* Begin PBXVariantGroup section */
		312821D223D0B96000975F66 /* LaunchScreen.storyboard */ = {
			isa = PBXVariantGroup;
			children = (
				312821D323D0B96000975F66 /* Base */,
				31F28ED925D3F97900AC523A /* fr */,
				31F28EDE25D3F98A00AC523A /* es */,
			);
			name = LaunchScreen.storyboard;
			sourceTree = "<group>";
		};
		31F28ED525D3F91400AC523A /* Localizable.strings */ = {
			isa = PBXVariantGroup;
			children = (
				31F28ED425D3F91400AC523A /* en */,
				31F28EDA25D3F97900AC523A /* fr */,
				31F28EDF25D3F98B00AC523A /* es */,
			);
			name = Localizable.strings;
			sourceTree = "<group>";
		};
		31F28EF525D4251300AC523A /* InfoPlist.strings */ = {
			isa = PBXVariantGroup;
			children = (
				31F28EF425D4251300AC523A /* en */,
				31F28EF925D4251700AC523A /* fr */,
				31F28EFA25D4251900AC523A /* es */,
			);
			name = InfoPlist.strings;
			sourceTree = "<group>";
		};
		31FF686A28E89AF80049560B /* Localizable.strings */ = {
			isa = PBXVariantGroup;
			children = (
				31FF686928E89AF80049560B /* en */,
				31FF686B28E89AFB0049560B /* fr */,
				31FF686C28E89AFE0049560B /* es */,
			);
			name = Localizable.strings;
			sourceTree = "<group>";
		};
/* End PBXVariantGroup section */

/* Begin XCBuildConfiguration section */
		312821E123D0B96100975F66 /* Debug */ = {
			isa = XCBuildConfiguration;
			baseConfigurationReference = 3152354225B8544400AE8811 /* Debug.xcconfig */;
			buildSettings = {
				ALWAYS_SEARCH_USER_PATHS = NO;
				ASSETCATALOG_COMPILER_GENERATE_SWIFT_ASSET_SYMBOL_EXTENSIONS = YES;
				CLANG_ANALYZER_LOCALIZABILITY_NONLOCALIZED = YES;
				CLANG_ANALYZER_NONNULL = YES;
				CLANG_ANALYZER_NUMBER_OBJECT_CONVERSION = YES_AGGRESSIVE;
				CLANG_CXX_LANGUAGE_STANDARD = "gnu++14";
				CLANG_CXX_LIBRARY = "libc++";
				CLANG_ENABLE_MODULES = YES;
				CLANG_ENABLE_OBJC_ARC = YES;
				CLANG_ENABLE_OBJC_WEAK = YES;
				CLANG_WARN_BLOCK_CAPTURE_AUTORELEASING = YES;
				CLANG_WARN_BOOL_CONVERSION = YES;
				CLANG_WARN_COMMA = YES;
				CLANG_WARN_CONSTANT_CONVERSION = YES;
				CLANG_WARN_DEPRECATED_OBJC_IMPLEMENTATIONS = YES;
				CLANG_WARN_DIRECT_OBJC_ISA_USAGE = YES_ERROR;
				CLANG_WARN_DOCUMENTATION_COMMENTS = YES;
				CLANG_WARN_EMPTY_BODY = YES;
				CLANG_WARN_ENUM_CONVERSION = YES;
				CLANG_WARN_INFINITE_RECURSION = YES;
				CLANG_WARN_INT_CONVERSION = YES;
				CLANG_WARN_NON_LITERAL_NULL_CONVERSION = YES;
				CLANG_WARN_OBJC_IMPLICIT_RETAIN_SELF = YES;
				CLANG_WARN_OBJC_LITERAL_CONVERSION = YES;
				CLANG_WARN_OBJC_ROOT_CLASS = YES_ERROR;
				CLANG_WARN_QUOTED_INCLUDE_IN_FRAMEWORK_HEADER = YES;
				CLANG_WARN_RANGE_LOOP_ANALYSIS = YES;
				CLANG_WARN_STRICT_PROTOTYPES = YES;
				CLANG_WARN_SUSPICIOUS_MOVE = YES;
				CLANG_WARN_UNGUARDED_AVAILABILITY = YES_AGGRESSIVE;
				CLANG_WARN_UNREACHABLE_CODE = YES;
				CLANG_WARN__DUPLICATE_METHOD_MATCH = YES;
				COPY_PHASE_STRIP = NO;
				DEBUG_INFORMATION_FORMAT = dwarf;
				ENABLE_STRICT_OBJC_MSGSEND = YES;
				ENABLE_TESTABILITY = YES;
				ENABLE_USER_SCRIPT_SANDBOXING = YES;
				GCC_C_LANGUAGE_STANDARD = gnu11;
				GCC_DYNAMIC_NO_PIC = NO;
				GCC_NO_COMMON_BLOCKS = YES;
				GCC_OPTIMIZATION_LEVEL = 0;
				GCC_PREPROCESSOR_DEFINITIONS = (
					"DEBUG=1",
					"$(inherited)",
				);
				GCC_WARN_64_TO_32_BIT_CONVERSION = YES;
				GCC_WARN_ABOUT_RETURN_TYPE = YES_ERROR;
				GCC_WARN_UNDECLARED_SELECTOR = YES;
				GCC_WARN_UNINITIALIZED_AUTOS = YES_AGGRESSIVE;
				GCC_WARN_UNUSED_FUNCTION = YES;
				GCC_WARN_UNUSED_VARIABLE = YES;
				IPHONEOS_DEPLOYMENT_TARGET = 16.0;
				MARKETING_VERSION = 1.8.0;
				MTL_ENABLE_DEBUG_INFO = INCLUDE_SOURCE;
				MTL_FAST_MATH = YES;
				ONLY_ACTIVE_ARCH = YES;
				SDKROOT = iphoneos;
				SWIFT_ACTIVE_COMPILATION_CONDITIONS = DEBUG;
				SWIFT_OPTIMIZATION_LEVEL = "-Onone";
			};
			name = Debug;
		};
		312821E223D0B96100975F66 /* Release */ = {
			isa = XCBuildConfiguration;
			baseConfigurationReference = 3152354325B8544400AE8811 /* Release.xcconfig */;
			buildSettings = {
				ALWAYS_SEARCH_USER_PATHS = NO;
				ASSETCATALOG_COMPILER_GENERATE_SWIFT_ASSET_SYMBOL_EXTENSIONS = YES;
				CLANG_ANALYZER_LOCALIZABILITY_NONLOCALIZED = YES;
				CLANG_ANALYZER_NONNULL = YES;
				CLANG_ANALYZER_NUMBER_OBJECT_CONVERSION = YES_AGGRESSIVE;
				CLANG_CXX_LANGUAGE_STANDARD = "gnu++14";
				CLANG_CXX_LIBRARY = "libc++";
				CLANG_ENABLE_MODULES = YES;
				CLANG_ENABLE_OBJC_ARC = YES;
				CLANG_ENABLE_OBJC_WEAK = YES;
				CLANG_WARN_BLOCK_CAPTURE_AUTORELEASING = YES;
				CLANG_WARN_BOOL_CONVERSION = YES;
				CLANG_WARN_COMMA = YES;
				CLANG_WARN_CONSTANT_CONVERSION = YES;
				CLANG_WARN_DEPRECATED_OBJC_IMPLEMENTATIONS = YES;
				CLANG_WARN_DIRECT_OBJC_ISA_USAGE = YES_ERROR;
				CLANG_WARN_DOCUMENTATION_COMMENTS = YES;
				CLANG_WARN_EMPTY_BODY = YES;
				CLANG_WARN_ENUM_CONVERSION = YES;
				CLANG_WARN_INFINITE_RECURSION = YES;
				CLANG_WARN_INT_CONVERSION = YES;
				CLANG_WARN_NON_LITERAL_NULL_CONVERSION = YES;
				CLANG_WARN_OBJC_IMPLICIT_RETAIN_SELF = YES;
				CLANG_WARN_OBJC_LITERAL_CONVERSION = YES;
				CLANG_WARN_OBJC_ROOT_CLASS = YES_ERROR;
				CLANG_WARN_QUOTED_INCLUDE_IN_FRAMEWORK_HEADER = YES;
				CLANG_WARN_RANGE_LOOP_ANALYSIS = YES;
				CLANG_WARN_STRICT_PROTOTYPES = YES;
				CLANG_WARN_SUSPICIOUS_MOVE = YES;
				CLANG_WARN_UNGUARDED_AVAILABILITY = YES_AGGRESSIVE;
				CLANG_WARN_UNREACHABLE_CODE = YES;
				CLANG_WARN__DUPLICATE_METHOD_MATCH = YES;
				COPY_PHASE_STRIP = NO;
				DEBUG_INFORMATION_FORMAT = "dwarf-with-dsym";
				ENABLE_NS_ASSERTIONS = NO;
				ENABLE_STRICT_OBJC_MSGSEND = YES;
				ENABLE_USER_SCRIPT_SANDBOXING = YES;
				GCC_C_LANGUAGE_STANDARD = gnu11;
				GCC_NO_COMMON_BLOCKS = YES;
				GCC_WARN_64_TO_32_BIT_CONVERSION = YES;
				GCC_WARN_ABOUT_RETURN_TYPE = YES_ERROR;
				GCC_WARN_UNDECLARED_SELECTOR = YES;
				GCC_WARN_UNINITIALIZED_AUTOS = YES_AGGRESSIVE;
				GCC_WARN_UNUSED_FUNCTION = YES;
				GCC_WARN_UNUSED_VARIABLE = YES;
				IPHONEOS_DEPLOYMENT_TARGET = 16.0;
				MARKETING_VERSION = 1.8.0;
				MTL_ENABLE_DEBUG_INFO = NO;
				MTL_FAST_MATH = YES;
				SDKROOT = iphoneos;
				SWIFT_COMPILATION_MODE = wholemodule;
				SWIFT_OPTIMIZATION_LEVEL = "-O";
				VALIDATE_PRODUCT = YES;
			};
			name = Release;
		};
		312821E423D0B96100975F66 /* Debug */ = {
			isa = XCBuildConfiguration;
			buildSettings = {
				ALWAYS_EMBED_SWIFT_STANDARD_LIBRARIES = YES;
				ASSETCATALOG_COMPILER_APPICON_NAME = AppIcon;
				CODE_SIGN_ENTITLEMENTS = Config/Entitlements/EarningsMeter.entitlements;
				CODE_SIGN_IDENTITY = "Apple Development";
				DEVELOPMENT_ASSET_PATHS = "\"EarningsMeter/Preview Content\"";
				ENABLE_PREVIEWS = YES;
				INFOPLIST_FILE = EarningsMeter/Info.plist;
				LD_RUNPATH_SEARCH_PATHS = (
					"$(inherited)",
					"@executable_path/Frameworks",
				);
				PRODUCT_BUNDLE_IDENTIFIER = "$(MAIN_TARGET_BUNDLE_ID)";
				PRODUCT_NAME = "Earnings Meter";
				SWIFT_VERSION = 5.0;
				TARGETED_DEVICE_FAMILY = "1,2";
				VERSIONING_SYSTEM = "apple-generic";
			};
			name = Debug;
		};
		312821E523D0B96100975F66 /* Release */ = {
			isa = XCBuildConfiguration;
			buildSettings = {
				ALWAYS_EMBED_SWIFT_STANDARD_LIBRARIES = YES;
				ASSETCATALOG_COMPILER_APPICON_NAME = AppIcon;
				CODE_SIGN_ENTITLEMENTS = Config/Entitlements/EarningsMeter.entitlements;
				DEVELOPMENT_ASSET_PATHS = "\"EarningsMeter/Preview Content\"";
				ENABLE_PREVIEWS = YES;
				INFOPLIST_FILE = EarningsMeter/Info.plist;
				LD_RUNPATH_SEARCH_PATHS = (
					"$(inherited)",
					"@executable_path/Frameworks",
				);
				PRODUCT_BUNDLE_IDENTIFIER = "$(MAIN_TARGET_BUNDLE_ID)";
				PRODUCT_NAME = "Earnings Meter";
				PROVISIONING_PROFILE_SPECIFIER = "match AppStore $(PRODUCT_BUNDLE_IDENTIFIER)";
				SWIFT_VERSION = 5.0;
				TARGETED_DEVICE_FAMILY = "1,2";
				VERSIONING_SYSTEM = "apple-generic";
			};
			name = Release;
		};
		314A715F25BAF8F90062D050 /* Debug */ = {
			isa = XCBuildConfiguration;
			buildSettings = {
				CODE_SIGN_STYLE = Automatic;
				INFOPLIST_FILE = EarningsMeterUITests/Info.plist;
				LD_RUNPATH_SEARCH_PATHS = (
					"$(inherited)",
					"@executable_path/Frameworks",
					"@loader_path/Frameworks",
				);
				PRODUCT_BUNDLE_IDENTIFIER = com.ridgeviewapps.EarningsMeterUITests;
				PRODUCT_NAME = "$(TARGET_NAME)";
				SWIFT_VERSION = 5.0;
				TARGETED_DEVICE_FAMILY = "1,2";
				TEST_TARGET_NAME = EarningsMeter;
			};
			name = Debug;
		};
		314A716025BAF8F90062D050 /* Release */ = {
			isa = XCBuildConfiguration;
			buildSettings = {
				CODE_SIGN_STYLE = Automatic;
				INFOPLIST_FILE = EarningsMeterUITests/Info.plist;
				LD_RUNPATH_SEARCH_PATHS = (
					"$(inherited)",
					"@executable_path/Frameworks",
					"@loader_path/Frameworks",
				);
				PRODUCT_BUNDLE_IDENTIFIER = com.ridgeviewapps.EarningsMeterUITests;
				PRODUCT_NAME = "$(TARGET_NAME)";
				SWIFT_VERSION = 5.0;
				TARGETED_DEVICE_FAMILY = "1,2";
				TEST_TARGET_NAME = EarningsMeter;
			};
			name = Release;
		};
		31658FA128D3775A005466C2 /* Debug */ = {
			isa = XCBuildConfiguration;
			buildSettings = {
				ASSETCATALOG_COMPILER_GLOBAL_ACCENT_COLOR_NAME = AccentColor;
				ASSETCATALOG_COMPILER_WIDGET_BACKGROUND_COLOR_NAME = WidgetBackground;
				CLANG_CXX_LANGUAGE_STANDARD = "gnu++17";
				CODE_SIGN_ENTITLEMENTS = Config/Entitlements/EarningsMeterWidgetExtension.entitlements;
				CURRENT_PROJECT_VERSION = 1;
				GENERATE_INFOPLIST_FILE = YES;
				INFOPLIST_FILE = EarningsMeterWidget/Info.plist;
				INFOPLIST_KEY_CFBundleDisplayName = EarningsMeterWidget;
				INFOPLIST_KEY_NSHumanReadableCopyright = "Copyright © 2022 Shilan Patel. All rights reserved.";
				LD_RUNPATH_SEARCH_PATHS = (
					"$(inherited)",
					"@executable_path/Frameworks",
					"@executable_path/../../Frameworks",
				);
				PRODUCT_BUNDLE_IDENTIFIER = "$(MAIN_TARGET_BUNDLE_ID).widgetExtension";
				PRODUCT_NAME = "$(TARGET_NAME)";
				SKIP_INSTALL = YES;
				SWIFT_EMIT_LOC_STRINGS = YES;
				SWIFT_VERSION = 5.0;
				TARGETED_DEVICE_FAMILY = "1,2";
				VERSIONING_SYSTEM = "apple-generic";
			};
			name = Debug;
		};
		31658FA228D3775A005466C2 /* Release */ = {
			isa = XCBuildConfiguration;
			buildSettings = {
				ASSETCATALOG_COMPILER_GLOBAL_ACCENT_COLOR_NAME = AccentColor;
				ASSETCATALOG_COMPILER_WIDGET_BACKGROUND_COLOR_NAME = WidgetBackground;
				CLANG_CXX_LANGUAGE_STANDARD = "gnu++17";
				CODE_SIGN_ENTITLEMENTS = Config/Entitlements/EarningsMeterWidgetExtension.entitlements;
				CURRENT_PROJECT_VERSION = 1;
				GENERATE_INFOPLIST_FILE = YES;
				INFOPLIST_FILE = EarningsMeterWidget/Info.plist;
				INFOPLIST_KEY_CFBundleDisplayName = EarningsMeterWidget;
				INFOPLIST_KEY_NSHumanReadableCopyright = "Copyright © 2022 Shilan Patel. All rights reserved.";
				LD_RUNPATH_SEARCH_PATHS = (
					"$(inherited)",
					"@executable_path/Frameworks",
					"@executable_path/../../Frameworks",
				);
				PRODUCT_BUNDLE_IDENTIFIER = "$(MAIN_TARGET_BUNDLE_ID).widgetExtension";
				PRODUCT_NAME = "$(TARGET_NAME)";
				PROVISIONING_PROFILE_SPECIFIER = "match AppStore $(PRODUCT_BUNDLE_IDENTIFIER)";
				SKIP_INSTALL = YES;
				SWIFT_EMIT_LOC_STRINGS = YES;
				SWIFT_VERSION = 5.0;
				TARGETED_DEVICE_FAMILY = "1,2";
				VERSIONING_SYSTEM = "apple-generic";
			};
			name = Release;
		};
		3190F6E224CF0B6A004303F0 /* Debug */ = {
			isa = XCBuildConfiguration;
			buildSettings = {
				BUNDLE_LOADER = "$(TEST_HOST)";
				CODE_SIGN_STYLE = Automatic;
				INFOPLIST_FILE = EarningsMeterTests/Info.plist;
				LD_RUNPATH_SEARCH_PATHS = (
					"$(inherited)",
					"@executable_path/Frameworks",
					"@loader_path/Frameworks",
				);
				PRODUCT_BUNDLE_IDENTIFIER = "com.ridgeviewapps.Contract-MeterTests";
				PRODUCT_NAME = "$(TARGET_NAME)";
				SWIFT_VERSION = 5.0;
				TARGETED_DEVICE_FAMILY = "1,2";
				TEST_HOST = "$(BUILT_PRODUCTS_DIR)/Earnings Meter.app/Earnings Meter";
			};
			name = Debug;
		};
		3190F6E324CF0B6A004303F0 /* Release */ = {
			isa = XCBuildConfiguration;
			buildSettings = {
				BUNDLE_LOADER = "$(TEST_HOST)";
				CODE_SIGN_STYLE = Automatic;
				INFOPLIST_FILE = EarningsMeterTests/Info.plist;
				LD_RUNPATH_SEARCH_PATHS = (
					"$(inherited)",
					"@executable_path/Frameworks",
					"@loader_path/Frameworks",
				);
				PRODUCT_BUNDLE_IDENTIFIER = "com.ridgeviewapps.Contract-MeterTests";
				PRODUCT_NAME = "$(TARGET_NAME)";
				SWIFT_VERSION = 5.0;
				TARGETED_DEVICE_FAMILY = "1,2";
				TEST_HOST = "$(BUILT_PRODUCTS_DIR)/Earnings Meter.app/Earnings Meter";
			};
			name = Release;
		};
/* End XCBuildConfiguration section */

/* Begin XCConfigurationList section */
		312821BF23D0B95E00975F66 /* Build configuration list for PBXProject "EarningsMeter" */ = {
			isa = XCConfigurationList;
			buildConfigurations = (
				312821E123D0B96100975F66 /* Debug */,
				312821E223D0B96100975F66 /* Release */,
			);
			defaultConfigurationIsVisible = 0;
			defaultConfigurationName = Release;
		};
		312821E323D0B96100975F66 /* Build configuration list for PBXNativeTarget "EarningsMeter" */ = {
			isa = XCConfigurationList;
			buildConfigurations = (
				312821E423D0B96100975F66 /* Debug */,
				312821E523D0B96100975F66 /* Release */,
			);
			defaultConfigurationIsVisible = 0;
			defaultConfigurationName = Release;
		};
		314A716125BAF8F90062D050 /* Build configuration list for PBXNativeTarget "EarningsMeterUITests" */ = {
			isa = XCConfigurationList;
			buildConfigurations = (
				314A715F25BAF8F90062D050 /* Debug */,
				314A716025BAF8F90062D050 /* Release */,
			);
			defaultConfigurationIsVisible = 0;
			defaultConfigurationName = Release;
		};
		31658FA428D3775A005466C2 /* Build configuration list for PBXNativeTarget "EarningsMeterWidgetExtension" */ = {
			isa = XCConfigurationList;
			buildConfigurations = (
				31658FA128D3775A005466C2 /* Debug */,
				31658FA228D3775A005466C2 /* Release */,
			);
			defaultConfigurationIsVisible = 0;
			defaultConfigurationName = Release;
		};
		3190F6E124CF0B6A004303F0 /* Build configuration list for PBXNativeTarget "EarningsMeterTests" */ = {
			isa = XCConfigurationList;
			buildConfigurations = (
				3190F6E224CF0B6A004303F0 /* Debug */,
				3190F6E324CF0B6A004303F0 /* Release */,
			);
			defaultConfigurationIsVisible = 0;
			defaultConfigurationName = Release;
		};
/* End XCConfigurationList section */

/* Begin XCRemoteSwiftPackageReference section */
		312749C22AF9639C007905B2 /* XCRemoteSwiftPackageReference "DeviceKit" */ = {
			isa = XCRemoteSwiftPackageReference;
			repositoryURL = "https://github.com/devicekit/DeviceKit.git";
			requirement = {
				kind = upToNextMajorVersion;
				minimumVersion = 5.1.0;
			};
		};
/* End XCRemoteSwiftPackageReference section */

/* Begin XCSwiftPackageProductDependency section */
		312749C32AF9639C007905B2 /* DeviceKit */ = {
			isa = XCSwiftPackageProductDependency;
			package = 312749C22AF9639C007905B2 /* XCRemoteSwiftPackageReference "DeviceKit" */;
			productName = DeviceKit;
		};
		312DED042AF964100070956A /* AppConfig */ = {
			isa = XCSwiftPackageProductDependency;
			productName = AppConfig;
		};
		312DED0F2AF965B00070956A /* AppConfig */ = {
			isa = XCSwiftPackageProductDependency;
			productName = AppConfig;
		};
		312DED162AF967900070956A /* Models */ = {
			isa = XCSwiftPackageProductDependency;
			productName = Models;
		};
		312DED182AF967970070956A /* Models */ = {
			isa = XCSwiftPackageProductDependency;
			productName = Models;
		};
		312DED1B2AFA47BB0070956A /* PresentationViews */ = {
			isa = XCSwiftPackageProductDependency;
			productName = PresentationViews;
		};
		312DED1D2AFA47C50070956A /* PresentationViews */ = {
			isa = XCSwiftPackageProductDependency;
			productName = PresentationViews;
		};
		312DED3C2AFE92FE0070956A /* DataStores */ = {
			isa = XCSwiftPackageProductDependency;
			productName = DataStores;
		};
		312DED3E2AFE93050070956A /* DataStores */ = {
			isa = XCSwiftPackageProductDependency;
			productName = DataStores;
		};
/* End XCSwiftPackageProductDependency section */
	};
	rootObject = 312821BC23D0B95E00975F66 /* Project object */;
}
