{
  "pins" : [
    {
      "identity" : "appcenter-sdk-apple",
      "kind" : "remoteSourceControl",
      "location" : "https://github.com/microsoft/appcenter-sdk-apple.git",
      "state" : {
        "revision" : "484dead179e6d7edd534d0d7defdf65c14a5b426",
        "version" : "4.1.0"
      }
    },
    {
      "identity" : "combineext",
      "kind" : "remoteSourceControl",
      "location" : "https://github.com/CombineCommunity/CombineExt",
      "state" : {
        "revision" : "6664678135c6aec049c887a51c9da2545f184882",
        "version" : "1.2.0"
      }
    },
    {
      "identity" : "devicekit",
      "kind" : "remoteSourceControl",
      "location" : "https://github.com/devicekit/DeviceKit",
      "state" : {
        "revision" : "4cf9f057db69104851634269f7839f8d0bd346a3",
        "version" : "4.3.0"
      }
    },
    {
      "identity" : "plcrashreporter",
      "kind" : "remoteSourceControl",
      "location" : "https://github.com/microsoft/PLCrashReporter.git",
      "state" : {
        "revision" : "de6b8f9db4b2a0aa859a5507550a70548e4da936",
        "version" : "1.8.1"
      }
    },
    {
      "identity" : "ridgeview-core",
      "kind" : "remoteSourceControl",
      "location" : "https://github.com/ridgeview-apps/ridgeview-core",
      "state" : {
        "branch" : "main",
        "revision" : "f17a3a9f93f7fdc66c903db8574985c19224600d"
      }
    },
    {
      "identity" : "swiftui-introspect",
      "kind" : "remoteSourceControl",
      "location" : "https://github.com/timbersoftware/SwiftUI-Introspect.git",
      "state" : {
        "revision" : "36ecf80429d00a4cd1e81fbfe4655b1d99ebd651",
        "version" : "0.1.2"
      }
    }
  ],
  "version" : 2
}
