{
  "pins" : [
    {
      "identity" : "combineext",
      "kind" : "remoteSourceControl",
      "location" : "https://github.com/CombineCommunity/CombineExt",
      "state" : {
        "revision" : "38a4d4cb01f8c7750671c786d33dfbea00cbd131",
        "version" : "1.6.1"
      }
    },
    {
      "identity" : "devicekit",
      "kind" : "remoteSourceControl",
      "location" : "https://github.com/devicekit/DeviceKit",
      "state" : {
        "revision" : "cc49d42dafd69c96abbf695cedbefab6441f1afa",
        "version" : "4.6.0"
      }
    },
    {
      "identity" : "ridgeview-core",
      "kind" : "remoteSourceControl",
      "location" : "https://github.com/ridgeview-apps/ridgeview-core",
      "state" : {
        "branch" : "main",
        "revision" : "f17a3a9f93f7fdc66c903db8574985c19224600d"
      }
    },
    {
      "identity" : "swiftui-introspect",
      "kind" : "remoteSourceControl",
      "location" : "https://github.com/timbersoftware/SwiftUI-Introspect.git",
      "state" : {
        "revision" : "f2616860a41f9d9932da412a8978fec79c06fe24",
        "version" : "0.1.4"
      }
    }
  ],
  "version" : 2
}
